
Microsoft Visual Studio Solution File, Format Version 12.00
# Visual Studio Version 17
VisualStudioVersion = 17.5.002.0
MinimumVisualStudioVersion = 10.0.40219.1
Project("{FAE04EC0-301F-11D3-BF4B-00C04F79EFBC}") = "AzureFest.Web", "AzureFest.Web\AzureFest.Web.csproj", "{82CB66BE-8D8E-4EC7-8190-F6EBC2331EEA}"
EndProject
Project("{FAE04EC0-301F-11D3-BF4B-00C04F79EFBC}") = "AzureFest.Models", "AzureFest.Models\AzureFest.Models.csproj", "{1F5487B5-1062-4D2E-90EE-D42B1BB1024E}"
EndProject
Global
	GlobalSection(SolutionConfigurationPlatforms) = preSolution
		Debug|Any CPU = Debug|Any CPU
		Release|Any CPU = Release|Any CPU
	EndGlobalSection
	GlobalSection(ProjectConfigurationPlatforms) = postSolution
		{82CB66BE-8D8E-4EC7-8190-F6EBC2331EEA}.Debug|Any CPU.ActiveCfg = Debug|Any CPU
		{82CB66BE-8D8E-4EC7-8190-F6EBC2331EEA}.Debug|Any CPU.Build.0 = Debug|Any CPU
		{82CB66BE-8D8E-4EC7-8190-F6EBC2331EEA}.Release|Any CPU.ActiveCfg = Release|Any CPU
		{82CB66BE-8D8E-4EC7-8190-F6EBC2331EEA}.Release|Any CPU.Build.0 = Release|Any CPU
		{1F5487B5-1062-4D2E-90EE-D42B1BB1024E}.Debug|Any CPU.ActiveCfg = Debug|Any CPU
		{1F5487B5-1062-4D2E-90EE-D42B1BB1024E}.Debug|Any CPU.Build.0 = Debug|Any CPU
		{1F5487B5-1062-4D2E-90EE-D42B1BB1024E}.Release|Any CPU.ActiveCfg = Release|Any CPU
		{1F5487B5-1062-4D2E-90EE-D42B1BB1024E}.Release|Any CPU.Build.0 = Release|Any CPU
	EndGlobalSection
	GlobalSection(SolutionProperties) = preSolution
		HideSolutionNode = FALSE
	EndGlobalSection
	GlobalSection(ExtensibilityGlobals) = postSolution
		SolutionGuid = {A990CABC-B277-478C-808C-5E40EE54B81B}
	EndGlobalSection
EndGlobal
